
Microsoft Visual Studio Solution File, Format Version 12.00
# Visual Studio Version 16
VisualStudioVersion = 16.0.29926.136
MinimumVisualStudioVersion = 10.0.40219.1
Project("{FAE04EC0-301F-11D3-BF4B-00C04F79EFBC}") = "CordysAdministration", "CordysAdministration.csproj", "{8CBCD605-C8B9-41CF-AA74-83F3B654947B}"
EndProject
Global
	GlobalSection(SolutionConfigurationPlatforms) = preSolution
		Debug|Any CPU = Debug|Any CPU
		Release|Any CPU = Release|Any CPU
	EndGlobalSection
	GlobalSection(ProjectConfigurationPlatforms) = postSolution
		{8CBCD605-C8B9-41CF-AA74-83F3B654947B}.Debug|Any CPU.ActiveCfg = Debug|Any CPU
		{8CBCD605-C8B9-41CF-AA74-83F3B654947B}.Debug|Any CPU.Build.0 = Debug|Any CPU
		{8CBCD605-C8B9-41CF-AA74-83F3B654947B}.Release|Any CPU.ActiveCfg = Release|Any CPU
		{8CBCD605-C8B9-41CF-AA74-83F3B654947B}.Release|Any CPU.Build.0 = Release|Any CPU
	EndGlobalSection
	GlobalSection(SolutionProperties) = preSolution
		HideSolutionNode = FALSE
	EndGlobalSection
	GlobalSection(ExtensibilityGlobals) = postSolution
		SolutionGuid = {79DC175B-BE52-498C-B267-D906F2867577}
	EndGlobalSection
EndGlobal
